// !$*UTF8*$!
{
	archiveVersion = 1;
	classes = {
	};
	objectVersion = 56;
	objects = {

/* Begin PBXBuildFile section */
		50796B8729D44985007E1648 /* AppDelegate.swift in Sources */ = {isa = PBXBuildFile; fileRef = 50796B8629D44985007E1648 /* AppDelegate.swift */; };
		50796B8929D44985007E1648 /* SceneDelegate.swift in Sources */ = {isa = PBXBuildFile; fileRef = 50796B8829D44985007E1648 /* SceneDelegate.swift */; };
		50796B8B29D44985007E1648 /* addStoryPromptViewController.swift in Sources */ = {isa = PBXBuildFile; fileRef = 50796B8A29D44985007E1648 /* addStoryPromptViewController.swift */; };
		50796B8E29D44985007E1648 /* Main.storyboard in Resources */ = {isa = PBXBuildFile; fileRef = 50796B8C29D44985007E1648 /* Main.storyboard */; };
		50796B9029D44986007E1648 /* Assets.xcassets in Resources */ = {isa = PBXBuildFile; fileRef = 50796B8F29D44986007E1648 /* Assets.xcassets */; };
		50796B9329D44986007E1648 /* LaunchScreen.storyboard in Resources */ = {isa = PBXBuildFile; fileRef = 50796B9129D44986007E1648 /* LaunchScreen.storyboard */; };
		50796B9D29D44A45007E1648 /* StoryPromptEntry.swift in Sources */ = {isa = PBXBuildFile; fileRef = 50796B9B29D44A45007E1648 /* StoryPromptEntry.swift */; };
		50796B9E29D44A45007E1648 /* StoryPrompts.swift in Sources */ = {isa = PBXBuildFile; fileRef = 50796B9C29D44A45007E1648 /* StoryPrompts.swift */; };
		50796BA029D5A539007E1648 /* StoryPromptViewController.swift in Sources */ = {isa = PBXBuildFile; fileRef = 50796B9F29D5A539007E1648 /* StoryPromptViewController.swift */; };
		50B73C5A29D8379600CECEA0 /* StoryPromptTableViewController.swift in Sources */ = {isa = PBXBuildFile; fileRef = 50B73C5929D8379600CECEA0 /* StoryPromptTableViewController.swift */; };
/* End PBXBuildFile section */

/* Begin PBXFileReference section */
		50796B8329D44985007E1648 /* StoryPrompt.app */ = {isa = PBXFileReference; explicitFileType = wrapper.application; includeInIndex = 0; path = StoryPrompt.app; sourceTree = BUILT_PRODUCTS_DIR; };
		50796B8629D44985007E1648 /* AppDelegate.swift */ = {isa = PBXFileReference; lastKnownFileType = sourcecode.swift; path = AppDelegate.swift; sourceTree = "<group>"; };
		50796B8829D44985007E1648 /* SceneDelegate.swift */ = {isa = PBXFileReference; lastKnownFileType = sourcecode.swift; path = SceneDelegate.swift; sourceTree = "<group>"; };
		50796B8A29D44985007E1648 /* addStoryPromptViewController.swift */ = {isa = PBXFileReference; lastKnownFileType = sourcecode.swift; path = addStoryPromptViewController.swift; sourceTree = "<group>"; };
		50796B8D29D44985007E1648 /* Base */ = {isa = PBXFileReference; lastKnownFileType = file.storyboard; name = Base; path = Base.lproj/Main.storyboard; sourceTree = "<group>"; };
		50796B8F29D44986007E1648 /* Assets.xcassets */ = {isa = PBXFileReference; lastKnownFileType = folder.assetcatalog; path = Assets.xcassets; sourceTree = "<group>"; };
		50796B9229D44986007E1648 /* Base */ = {isa = PBXFileReference; lastKnownFileType = file.storyboard; name = Base; path = Base.lproj/LaunchScreen.storyboard; sourceTree = "<group>"; };
		50796B9429D44986007E1648 /* Info.plist */ = {isa = PBXFileReference; lastKnownFileType = text.plist.xml; path = Info.plist; sourceTree = "<group>"; };
		50796B9B29D44A45007E1648 /* StoryPromptEntry.swift */ = {isa = PBXFileReference; fileEncoding = 4; lastKnownFileType = sourcecode.swift; path = StoryPromptEntry.swift; sourceTree = "<group>"; };
		50796B9C29D44A45007E1648 /* StoryPrompts.swift */ = {isa = PBXFileReference; fileEncoding = 4; lastKnownFileType = sourcecode.swift; path = StoryPrompts.swift; sourceTree = "<group>"; };
		50796B9F29D5A539007E1648 /* StoryPromptViewController.swift */ = {isa = PBXFileReference; lastKnownFileType = sourcecode.swift; path = StoryPromptViewController.swift; sourceTree = "<group>"; };
		50B73C5929D8379600CECEA0 /* StoryPromptTableViewController.swift */ = {isa = PBXFileReference; lastKnownFileType = sourcecode.swift; path = StoryPromptTableViewController.swift; sourceTree = "<group>"; };
/* End PBXFileReference section */

/* Begin PBXFrameworksBuildPhase section */
		50796B8029D44985007E1648 /* Frameworks */ = {
			isa = PBXFrameworksBuildPhase;
			buildActionMask = 2147483647;
			files = (
			);
			runOnlyForDeploymentPostprocessing = 0;
		};
/* End PBXFrameworksBuildPhase section */

/* Begin PBXGroup section */
		50796B7A29D44985007E1648 = {
			isa = PBXGroup;
			children = (
				50796B8529D44985007E1648 /* StoryPrompt */,
				50796B8429D44985007E1648 /* Products */,
			);
			sourceTree = "<group>";
		};
		50796B8429D44985007E1648 /* Products */ = {
			isa = PBXGroup;
			children = (
				50796B8329D44985007E1648 /* StoryPrompt.app */,
			);
			name = Products;
			sourceTree = "<group>";
		};
		50796B8529D44985007E1648 /* StoryPrompt */ = {
			isa = PBXGroup;
			children = (
				50796BA129D5A542007E1648 /* ViewControllers */,
				50796B9A29D44A03007E1648 /* Model */,
				50796B8629D44985007E1648 /* AppDelegate.swift */,
				50796B8829D44985007E1648 /* SceneDelegate.swift */,
				50796B8C29D44985007E1648 /* Main.storyboard */,
				50796B8F29D44986007E1648 /* Assets.xcassets */,
				50796B9129D44986007E1648 /* LaunchScreen.storyboard */,
				50796B9429D44986007E1648 /* Info.plist */,
			);
			path = StoryPrompt;
			sourceTree = "<group>";
		};
		50796B9A29D44A03007E1648 /* Model */ = {
			isa = PBXGroup;
			children = (
				50796B9B29D44A45007E1648 /* StoryPromptEntry.swift */,
				50796B9C29D44A45007E1648 /* StoryPrompts.swift */,
			);
			path = Model;
			sourceTree = "<group>";
		};
		50796BA129D5A542007E1648 /* ViewControllers */ = {
			isa = PBXGroup;
			children = (
				50796B8A29D44985007E1648 /* addStoryPromptViewController.swift */,
				50796B9F29D5A539007E1648 /* StoryPromptViewController.swift */,
				50B73C5929D8379600CECEA0 /* StoryPromptTableViewController.swift */,
			);
			path = ViewControllers;
			sourceTree = "<group>";
		};
/* End PBXGroup section */

/* Begin PBXNativeTarget section */
		50796B8229D44985007E1648 /* StoryPrompt */ = {
			isa = PBXNativeTarget;
			buildConfigurationList = 50796B9729D44986007E1648 /* Build configuration list for PBXNativeTarget "StoryPrompt" */;
			buildPhases = (
				50796B7F29D44985007E1648 /* Sources */,
				50796B8029D44985007E1648 /* Frameworks */,
				50796B8129D44985007E1648 /* Resources */,
			);
			buildRules = (
			);
			dependencies = (
			);
			name = StoryPrompt;
			productName = StoryPrompt;
			productReference = 50796B8329D44985007E1648 /* StoryPrompt.app */;
			productType = "com.apple.product-type.application";
		};
/* End PBXNativeTarget section */

/* Begin PBXProject section */
		50796B7B29D44985007E1648 /* Project object */ = {
			isa = PBXProject;
			attributes = {
				BuildIndependentTargetsInParallel = 1;
				LastSwiftUpdateCheck = 1420;
				LastUpgradeCheck = 1420;
				TargetAttributes = {
					50796B8229D44985007E1648 = {
						CreatedOnToolsVersion = 14.2;
					};
				};
			};
			buildConfigurationList = 50796B7E29D44985007E1648 /* Build configuration list for PBXProject "StoryPrompt" */;
			compatibilityVersion = "Xcode 14.0";
			developmentRegion = en;
			hasScannedForEncodings = 0;
			knownRegions = (
				en,
				Base,
			);
			mainGroup = 50796B7A29D44985007E1648;
			productRefGroup = 50796B8429D44985007E1648 /* Products */;
			projectDirPath = "";
			projectRoot = "";
			targets = (
				50796B8229D44985007E1648 /* StoryPrompt */,
			);
		};
/* End PBXProject section */

/* Begin PBXResourcesBuildPhase section */
		50796B8129D44985007E1648 /* Resources */ = {
			isa = PBXResourcesBuildPhase;
			buildActionMask = 2147483647;
			files = (
				50796B9329D44986007E1648 /* LaunchScreen.storyboard in Resources */,
				50796B9029D44986007E1648 /* Assets.xcassets in Resources */,
				50796B8E29D44985007E1648 /* Main.storyboard in Resources */,
			);
			runOnlyForDeploymentPostprocessing = 0;
		};
/* End PBXResourcesBuildPhase section */

/* Begin PBXSourcesBuildPhase section */
		50796B7F29D44985007E1648 /* Sources */ = {
			isa = PBXSourcesBuildPhase;
			buildActionMask = 2147483647;
			files = (
				50B73C5A29D8379600CECEA0 /* StoryPromptTableViewController.swift in Sources */,
				50796BA029D5A539007E1648 /* StoryPromptViewController.swift in Sources */,
				50796B9E29D44A45007E1648 /* StoryPrompts.swift in Sources */,
				50796B8B29D44985007E1648 /* addStoryPromptViewController.swift in Sources */,
				50796B8729D44985007E1648 /* AppDelegate.swift in Sources */,
				50796B9D29D44A45007E1648 /* StoryPromptEntry.swift in Sources */,
				50796B8929D44985007E1648 /* SceneDelegate.swift in Sources */,
			);
			runOnlyForDeploymentPostprocessing = 0;
		};
/* End PBXSourcesBuildPhase section */

/* Begin PBXVariantGroup section */
		50796B8C29D44985007E1648 /* Main.storyboard */ = {
			isa = PBXVariantGroup;
			children = (
				50796B8D29D44985007E1648 /* Base */,
			);
			name = Main.storyboard;
			sourceTree = "<group>";
		};
		50796B9129D44986007E1648 /* LaunchScreen.storyboard */ = {
			isa = PBXVariantGroup;
			children = (
				50796B9229D44986007E1648 /* Base */,
			);
			name = LaunchScreen.storyboard;
			sourceTree = "<group>";
		};
/* End PBXVariantGroup section */

/* Begin XCBuildConfiguration section */
		50796B9529D44986007E1648 /* Debug */ = {
			isa = XCBuildConfiguration;
			buildSettings = {
				ALWAYS_SEARCH_USER_PATHS = NO;
				CLANG_ANALYZER_NONNULL = YES;
				CLANG_ANALYZER_NUMBER_OBJECT_CONVERSION = YES_AGGRESSIVE;
				CLANG_CXX_LANGUAGE_STANDARD = "gnu++20";
				CLANG_ENABLE_MODULES = YES;
				CLANG_ENABLE_OBJC_ARC = YES;
				CLANG_ENABLE_OBJC_WEAK = YES;
				CLANG_WARN_BLOCK_CAPTURE_AUTORELEASING = YES;
				CLANG_WARN_BOOL_CONVERSION = YES;
				CLANG_WARN_COMMA = YES;
				CLANG_WARN_CONSTANT_CONVERSION = YES;
				CLANG_WARN_DEPRECATED_OBJC_IMPLEMENTATIONS = YES;
				CLANG_WARN_DIRECT_OBJC_ISA_USAGE = YES_ERROR;
				CLANG_WARN_DOCUMENTATION_COMMENTS = YES;
				CLANG_WARN_EMPTY_BODY = YES;
				CLANG_WARN_ENUM_CONVERSION = YES;
				CLANG_WARN_INFINITE_RECURSION = YES;
				CLANG_WARN_INT_CONVERSION = YES;
				CLANG_WARN_NON_LITERAL_NULL_CONVERSION = YES;
				CLANG_WARN_OBJC_IMPLICIT_RETAIN_SELF = YES;
				CLANG_WARN_OBJC_LITERAL_CONVERSION = YES;
				CLANG_WARN_OBJC_ROOT_CLASS = YES_ERROR;
				CLANG_WARN_QUOTED_INCLUDE_IN_FRAMEWORK_HEADER = YES;
				CLANG_WARN_RANGE_LOOP_ANALYSIS = YES;
				CLANG_WARN_STRICT_PROTOTYPES = YES;
				CLANG_WARN_SUSPICIOUS_MOVE = YES;
				CLANG_WARN_UNGUARDED_AVAILABILITY = YES_AGGRESSIVE;
				CLANG_WARN_UNREACHABLE_CODE = YES;
				CLANG_WARN__DUPLICATE_METHOD_MATCH = YES;
				COPY_PHASE_STRIP = NO;
				DEBUG_INFORMATION_FORMAT = dwarf;
				ENABLE_STRICT_OBJC_MSGSEND = YES;
				ENABLE_TESTABILITY = YES;
				GCC_C_LANGUAGE_STANDARD = gnu11;
				GCC_DYNAMIC_NO_PIC = NO;
				GCC_NO_COMMON_BLOCKS = YES;
				GCC_OPTIMIZATION_LEVEL = 0;
				GCC_PREPROCESSOR_DEFINITIONS = (
					"DEBUG=1",
					"$(inherited)",
				);
				GCC_WARN_64_TO_32_BIT_CONVERSION = YES;
				GCC_WARN_ABOUT_RETURN_TYPE = YES_ERROR;
				GCC_WARN_UNDECLARED_SELECTOR = YES;
				GCC_WARN_UNINITIALIZED_AUTOS = YES_AGGRESSIVE;
				GCC_WARN_UNUSED_FUNCTION = YES;
				GCC_WARN_UNUSED_VARIABLE = YES;
				IPHONEOS_DEPLOYMENT_TARGET = 16.2;
				MTL_ENABLE_DEBUG_INFO = INCLUDE_SOURCE;
				MTL_FAST_MATH = YES;
				ONLY_ACTIVE_ARCH = YES;
				SDKROOT = iphoneos;
				SWIFT_ACTIVE_COMPILATION_CONDITIONS = DEBUG;
				SWIFT_OPTIMIZATION_LEVEL = "-Onone";
			};
			name = Debug;
		};
		50796B9629D44986007E1648 /* Release */ = {
			isa = XCBuildConfiguration;
			buildSettings = {
				ALWAYS_SEARCH_USER_PATHS = NO;
				CLANG_ANALYZER_NONNULL = YES;
				CLANG_ANALYZER_NUMBER_OBJECT_CONVERSION = YES_AGGRESSIVE;
				CLANG_CXX_LANGUAGE_STANDARD = "gnu++20";
				CLANG_ENABLE_MODULES = YES;
				CLANG_ENABLE_OBJC_ARC = YES;
				CLANG_ENABLE_OBJC_WEAK = YES;
				CLANG_WARN_BLOCK_CAPTURE_AUTORELEASING = YES;
				CLANG_WARN_BOOL_CONVERSION = YES;
				CLANG_WARN_COMMA = YES;
				CLANG_WARN_CONSTANT_CONVERSION = YES;
				CLANG_WARN_DEPRECATED_OBJC_IMPLEMENTATIONS = YES;
				CLANG_WARN_DIRECT_OBJC_ISA_USAGE = YES_ERROR;
				CLANG_WARN_DOCUMENTATION_COMMENTS = YES;
				CLANG_WARN_EMPTY_BODY = YES;
				CLANG_WARN_ENUM_CONVERSION = YES;
				CLANG_WARN_INFINITE_RECURSION = YES;
				CLANG_WARN_INT_CONVERSION = YES;
				CLANG_WARN_NON_LITERAL_NULL_CONVERSION = YES;
				CLANG_WARN_OBJC_IMPLICIT_RETAIN_SELF = YES;
				CLANG_WARN_OBJC_LITERAL_CONVERSION = YES;
				CLANG_WARN_OBJC_ROOT_CLASS = YES_ERROR;
				CLANG_WARN_QUOTED_INCLUDE_IN_FRAMEWORK_HEADER = YES;
				CLANG_WARN_RANGE_LOOP_ANALYSIS = YES;
				CLANG_WARN_STRICT_PROTOTYPES = YES;
				CLANG_WARN_SUSPICIOUS_MOVE = YES;
				CLANG_WARN_UNGUARDED_AVAILABILITY = YES_AGGRESSIVE;
				CLANG_WARN_UNREACHABLE_CODE = YES;
				CLANG_WARN__DUPLICATE_METHOD_MATCH = YES;
				COPY_PHASE_STRIP = NO;
				DEBUG_INFORMATION_FORMAT = "dwarf-with-dsym";
				ENABLE_NS_ASSERTIONS = NO;
				ENABLE_STRICT_OBJC_MSGSEND = YES;
				GCC_C_LANGUAGE_STANDARD = gnu11;
				GCC_NO_COMMON_BLOCKS = YES;
				GCC_WARN_64_TO_32_BIT_CONVERSION = YES;
				GCC_WARN_ABOUT_RETURN_TYPE = YES_ERROR;
				GCC_WARN_UNDECLARED_SELECTOR = YES;
				GCC_WARN_UNINITIALIZED_AUTOS = YES_AGGRESSIVE;
				GCC_WARN_UNUSED_FUNCTION = YES;
				GCC_WARN_UNUSED_VARIABLE = YES;
				IPHONEOS_DEPLOYMENT_TARGET = 16.2;
				MTL_ENABLE_DEBUG_INFO = NO;
				MTL_FAST_MATH = YES;
				SDKROOT = iphoneos;
				SWIFT_COMPILATION_MODE = wholemodule;
				SWIFT_OPTIMIZATION_LEVEL = "-O";
				VALIDATE_PRODUCT = YES;
			};
			name = Release;
		};
		50796B9829D44986007E1648 /* Debug */ = {
			isa = XCBuildConfiguration;
			buildSettings = {
				ASSETCATALOG_COMPILER_APPICON_NAME = AppIcon;
				ASSETCATALOG_COMPILER_GLOBAL_ACCENT_COLOR_NAME = AccentColor;
				CODE_SIGN_STYLE = Automatic;
				CURRENT_PROJECT_VERSION = 1;
				DEVELOPMENT_TEAM = L7LQ6FGAN3;
				GENERATE_INFOPLIST_FILE = YES;
				INFOPLIST_FILE = StoryPrompt/Info.plist;
				INFOPLIST_KEY_UIApplicationSupportsIndirectInputEvents = YES;
				INFOPLIST_KEY_UILaunchStoryboardName = LaunchScreen;
				INFOPLIST_KEY_UIMainStoryboardFile = Main;
				INFOPLIST_KEY_UISupportedInterfaceOrientations = UIInterfaceOrientationPortrait;
				LD_RUNPATH_SEARCH_PATHS = (
					"$(inherited)",
					"@executable_path/Frameworks",
				);
				MARKETING_VERSION = 1.0;
				PRODUCT_BUNDLE_IDENTIFIER = com.vinicius.oliveira.StoryPrompt;
				PRODUCT_NAME = "$(TARGET_NAME)";
				SWIFT_EMIT_LOC_STRINGS = YES;
				SWIFT_VERSION = 5.0;
				TARGETED_DEVICE_FAMILY = "1,2";
			};
			name = Debug;
		};
		50796B9929D44986007E1648 /* Release */ = {
			isa = XCBuildConfiguration;
			buildSettings = {
				ASSETCATALOG_COMPILER_APPICON_NAME = AppIcon;
				ASSETCATALOG_COMPILER_GLOBAL_ACCENT_COLOR_NAME = AccentColor;
				CODE_SIGN_STYLE = Automatic;
				CURRENT_PROJECT_VERSION = 1;
				DEVELOPMENT_TEAM = L7LQ6FGAN3;
				GENERATE_INFOPLIST_FILE = YES;
				INFOPLIST_FILE = StoryPrompt/Info.plist;
				INFOPLIST_KEY_UIApplicationSupportsIndirectInputEvents = YES;
				INFOPLIST_KEY_UILaunchStoryboardName = LaunchScreen;
				INFOPLIST_KEY_UIMainStoryboardFile = Main;
				INFOPLIST_KEY_UISupportedInterfaceOrientations = UIInterfaceOrientationPortrait;
				LD_RUNPATH_SEARCH_PATHS = (
					"$(inherited)",
					"@executable_path/Frameworks",
				);
				MARKETING_VERSION = 1.0;
				PRODUCT_BUNDLE_IDENTIFIER = com.vinicius.oliveira.StoryPrompt;
				PRODUCT_NAME = "$(TARGET_NAME)";
				SWIFT_EMIT_LOC_STRINGS = YES;
				SWIFT_VERSION = 5.0;
				TARGETED_DEVICE_FAMILY = "1,2";
			};
			name = Release;
		};
/* End XCBuildConfiguration section */

/* Begin XCConfigurationList section */
		50796B7E29D44985007E1648 /* Build configuration list for PBXProject "StoryPrompt" */ = {
			isa = XCConfigurationList;
			buildConfigurations = (
				50796B9529D44986007E1648 /* Debug */,
				50796B9629D44986007E1648 /* Release */,
			);
			defaultConfigurationIsVisible = 0;
			defaultConfigurationName = Release;
		};
		50796B9729D44986007E1648 /* Build configuration list for PBXNativeTarget "StoryPrompt" */ = {
			isa = XCConfigurationList;
			buildConfigurations = (
				50796B9829D44986007E1648 /* Debug */,
				50796B9929D44986007E1648 /* Release */,
			);
			defaultConfigurationIsVisible = 0;
			defaultConfigurationName = Release;
		};
/* End XCConfigurationList section */
	};
	rootObject = 50796B7B29D44985007E1648 /* Project object */;
}
